
Microsoft Visual Studio Solution File, Format Version 12.00
# Visual Studio Version 16
VisualStudioVersion = 16.0.33027.164
MinimumVisualStudioVersion = 10.0.40219.1
Project("{FAE04EC0-301F-11D3-BF4B-00C04F79EFBC}") = "BuilderPattern", "BuilderPattern\BuilderPattern.csproj", "{27522662-3702-417A-ACA6-7E4839654F33}"
EndProject
Global
	GlobalSection(SolutionConfigurationPlatforms) = preSolution
		Debug|Any CPU = Debug|Any CPU
		Release|Any CPU = Release|Any CPU
	EndGlobalSection
	GlobalSection(ProjectConfigurationPlatforms) = postSolution
		{27522662-3702-417A-ACA6-7E4839654F33}.Debug|Any CPU.ActiveCfg = Debug|Any CPU
		{27522662-3702-417A-ACA6-7E4839654F33}.Debug|Any CPU.Build.0 = Debug|Any CPU
		{27522662-3702-417A-ACA6-7E4839654F33}.Release|Any CPU.ActiveCfg = Release|Any CPU
		{27522662-3702-417A-ACA6-7E4839654F33}.Release|Any CPU.Build.0 = Release|Any CPU
	EndGlobalSection
	GlobalSection(SolutionProperties) = preSolution
		HideSolutionNode = FALSE
	EndGlobalSection
	GlobalSection(ExtensibilityGlobals) = postSolution
		SolutionGuid = {1498C561-9CC4-4ACA-913D-B8B7BA676B1D}
	EndGlobalSection
EndGlobal
